// !$*UTF8*$!
{
	archiveVersion = 1;
	classes = {
	};
	objectVersion = 56;
	objects = {

/* Begin PBXBuildFile section */
		DD8AA6B72C34CB1300E33AF5 /* AppDelegate.swift in Sources */ = {isa = PBXBuildFile; fileRef = DD8AA6B62C34CB1300E33AF5 /* AppDelegate.swift */; };
		DD8AA6B92C34CB1300E33AF5 /* SceneDelegate.swift in Sources */ = {isa = PBXBuildFile; fileRef = DD8AA6B82C34CB1300E33AF5 /* SceneDelegate.swift */; };
		DD8AA6BB2C34CB1300E33AF5 /* HomeViewController.swift in Sources */ = {isa = PBXBuildFile; fileRef = DD8AA6BA2C34CB1300E33AF5 /* HomeViewController.swift */; };
		DD8AA6C02C34CB1500E33AF5 /* Assets.xcassets in Resources */ = {isa = PBXBuildFile; fileRef = DD8AA6BF2C34CB1500E33AF5 /* Assets.xcassets */; };
		DD8AA6C32C34CB1500E33AF5 /* Base in Resources */ = {isa = PBXBuildFile; fileRef = DD8AA6C22C34CB1500E33AF5 /* Base */; };
		DD8AA6CC2C34CE6200E33AF5 /* Constants.swift in Sources */ = {isa = PBXBuildFile; fileRef = DD8AA6CB2C34CE6200E33AF5 /* Constants.swift */; };
		DD8AA6CF2C34D34A00E33AF5 /* UIViewController+.swift in Sources */ = {isa = PBXBuildFile; fileRef = DD8AA6CE2C34D34A00E33AF5 /* UIViewController+.swift */; };
		DD8AA6D42C3580AE00E33AF5 /* TasksViewController.swift in Sources */ = {isa = PBXBuildFile; fileRef = DD8AA6D32C3580AE00E33AF5 /* TasksViewController.swift */; };
		DD8AA6D72C358A3400E33AF5 /* Task.swift in Sources */ = {isa = PBXBuildFile; fileRef = DD8AA6D62C358A3400E33AF5 /* Task.swift */; };
		DD8AA6DA2C35B13000E33AF5 /* TasksTableViewHeader.swift in Sources */ = {isa = PBXBuildFile; fileRef = DD8AA6D92C35B13000E33AF5 /* TasksTableViewHeader.swift */; };
		DD8AA7072C37410500E33AF5 /* AddTaskViewController.swift in Sources */ = {isa = PBXBuildFile; fileRef = DD8AA7062C37410500E33AF5 /* AddTaskViewController.swift */; };
		DDC0C12C2C3C298000A947DD /* TaskyRepository.swift in Sources */ = {isa = PBXBuildFile; fileRef = DDC0C12B2C3C298000A947DD /* TaskyRepository.swift */; };
		DDC0C12F2C3C433700A947DD /* UserDefaultsStorage.swift in Sources */ = {isa = PBXBuildFile; fileRef = DDC0C12E2C3C433700A947DD /* UserDefaultsStorage.swift */; };
/* End PBXBuildFile section */

/* Begin PBXFileReference section */
		DD8AA6B32C34CB1300E33AF5 /* TaskyApp.app */ = {isa = PBXFileReference; explicitFileType = wrapper.application; includeInIndex = 0; path = TaskyApp.app; sourceTree = BUILT_PRODUCTS_DIR; };
		DD8AA6B62C34CB1300E33AF5 /* AppDelegate.swift */ = {isa = PBXFileReference; lastKnownFileType = sourcecode.swift; path = AppDelegate.swift; sourceTree = "<group>"; };
		DD8AA6B82C34CB1300E33AF5 /* SceneDelegate.swift */ = {isa = PBXFileReference; lastKnownFileType = sourcecode.swift; path = SceneDelegate.swift; sourceTree = "<group>"; };
		DD8AA6BA2C34CB1300E33AF5 /* HomeViewController.swift */ = {isa = PBXFileReference; lastKnownFileType = sourcecode.swift; path = HomeViewController.swift; sourceTree = "<group>"; };
		DD8AA6BF2C34CB1500E33AF5 /* Assets.xcassets */ = {isa = PBXFileReference; lastKnownFileType = folder.assetcatalog; path = Assets.xcassets; sourceTree = "<group>"; };
		DD8AA6C22C34CB1500E33AF5 /* Base */ = {isa = PBXFileReference; lastKnownFileType = file.storyboard; name = Base; path = Base.lproj/LaunchScreen.storyboard; sourceTree = "<group>"; };
		DD8AA6C42C34CB1500E33AF5 /* Info.plist */ = {isa = PBXFileReference; lastKnownFileType = text.plist.xml; path = Info.plist; sourceTree = "<group>"; };
		DD8AA6CB2C34CE6200E33AF5 /* Constants.swift */ = {isa = PBXFileReference; lastKnownFileType = sourcecode.swift; path = Constants.swift; sourceTree = "<group>"; };
		DD8AA6CE2C34D34A00E33AF5 /* UIViewController+.swift */ = {isa = PBXFileReference; lastKnownFileType = sourcecode.swift; path = "UIViewController+.swift"; sourceTree = "<group>"; };
		DD8AA6D32C3580AE00E33AF5 /* TasksViewController.swift */ = {isa = PBXFileReference; lastKnownFileType = sourcecode.swift; path = TasksViewController.swift; sourceTree = "<group>"; };
		DD8AA6D62C358A3400E33AF5 /* Task.swift */ = {isa = PBXFileReference; lastKnownFileType = sourcecode.swift; path = Task.swift; sourceTree = "<group>"; };
		DD8AA6D92C35B13000E33AF5 /* TasksTableViewHeader.swift */ = {isa = PBXFileReference; lastKnownFileType = sourcecode.swift; path = TasksTableViewHeader.swift; sourceTree = "<group>"; };
		DD8AA7062C37410500E33AF5 /* AddTaskViewController.swift */ = {isa = PBXFileReference; lastKnownFileType = sourcecode.swift; path = AddTaskViewController.swift; sourceTree = "<group>"; };
		DDC0C12B2C3C298000A947DD /* TaskyRepository.swift */ = {isa = PBXFileReference; lastKnownFileType = sourcecode.swift; path = TaskyRepository.swift; sourceTree = "<group>"; };
		DDC0C12E2C3C433700A947DD /* UserDefaultsStorage.swift */ = {isa = PBXFileReference; lastKnownFileType = sourcecode.swift; path = UserDefaultsStorage.swift; sourceTree = "<group>"; };
/* End PBXFileReference section */

/* Begin PBXFrameworksBuildPhase section */
		DD8AA6B02C34CB1300E33AF5 /* Frameworks */ = {
			isa = PBXFrameworksBuildPhase;
			buildActionMask = 2147483647;
			files = (
			);
			runOnlyForDeploymentPostprocessing = 0;
		};
/* End PBXFrameworksBuildPhase section */

/* Begin PBXGroup section */
		DD8AA6AA2C34CB1300E33AF5 = {
			isa = PBXGroup;
			children = (
				DD8AA6B52C34CB1300E33AF5 /* TaskyApp */,
				DD8AA6B42C34CB1300E33AF5 /* Products */,
			);
			sourceTree = "<group>";
		};
		DD8AA6B42C34CB1300E33AF5 /* Products */ = {
			isa = PBXGroup;
			children = (
				DD8AA6B32C34CB1300E33AF5 /* TaskyApp.app */,
			);
			name = Products;
			sourceTree = "<group>";
		};
		DD8AA6B52C34CB1300E33AF5 /* TaskyApp */ = {
			isa = PBXGroup;
			children = (
				DDC0C12D2C3C432200A947DD /* Storage */,
				DDC0C12A2C3C295200A947DD /* Repository */,
				DD8AA6D82C35B11100E33AF5 /* Views */,
				DD8AA6D52C358A1E00E33AF5 /* Models */,
				DD8AA6D02C35803300E33AF5 /* ViewControllers */,
				DD8AA6CD2C34D31100E33AF5 /* Extensions */,
				DD8AA6CA2C34CE4F00E33AF5 /* Utils */,
				DD8AA6B62C34CB1300E33AF5 /* AppDelegate.swift */,
				DD8AA6B82C34CB1300E33AF5 /* SceneDelegate.swift */,
				DD8AA6BF2C34CB1500E33AF5 /* Assets.xcassets */,
				DD8AA6C12C34CB1500E33AF5 /* LaunchScreen.storyboard */,
				DD8AA6C42C34CB1500E33AF5 /* Info.plist */,
			);
			path = TaskyApp;
			sourceTree = "<group>";
		};
		DD8AA6CA2C34CE4F00E33AF5 /* Utils */ = {
			isa = PBXGroup;
			children = (
				DD8AA6CB2C34CE6200E33AF5 /* Constants.swift */,
			);
			path = Utils;
			sourceTree = "<group>";
		};
		DD8AA6CD2C34D31100E33AF5 /* Extensions */ = {
			isa = PBXGroup;
			children = (
				DD8AA6CE2C34D34A00E33AF5 /* UIViewController+.swift */,
			);
			path = Extensions;
			sourceTree = "<group>";
		};
		DD8AA6D02C35803300E33AF5 /* ViewControllers */ = {
			isa = PBXGroup;
			children = (
				DD8AA6BA2C34CB1300E33AF5 /* HomeViewController.swift */,
				DD8AA6D32C3580AE00E33AF5 /* TasksViewController.swift */,
				DD8AA7062C37410500E33AF5 /* AddTaskViewController.swift */,
			);
			path = ViewControllers;
			sourceTree = "<group>";
		};
		DD8AA6D52C358A1E00E33AF5 /* Models */ = {
			isa = PBXGroup;
			children = (
				DD8AA6D62C358A3400E33AF5 /* Task.swift */,
			);
			path = Models;
			sourceTree = "<group>";
		};
		DD8AA6D82C35B11100E33AF5 /* Views */ = {
			isa = PBXGroup;
			children = (
				DD8AA6D92C35B13000E33AF5 /* TasksTableViewHeader.swift */,
			);
			path = Views;
			sourceTree = "<group>";
		};
		DDC0C12A2C3C295200A947DD /* Repository */ = {
			isa = PBXGroup;
			children = (
				DDC0C12B2C3C298000A947DD /* TaskyRepository.swift */,
			);
			path = Repository;
			sourceTree = "<group>";
		};
		DDC0C12D2C3C432200A947DD /* Storage */ = {
			isa = PBXGroup;
			children = (
				DDC0C12E2C3C433700A947DD /* UserDefaultsStorage.swift */,
			);
			path = Storage;
			sourceTree = "<group>";
		};
/* End PBXGroup section */

/* Begin PBXNativeTarget section */
		DD8AA6B22C34CB1300E33AF5 /* TaskyApp */ = {
			isa = PBXNativeTarget;
			buildConfigurationList = DD8AA6C72C34CB1500E33AF5 /* Build configuration list for PBXNativeTarget "TaskyApp" */;
			buildPhases = (
				DD8AA6AF2C34CB1300E33AF5 /* Sources */,
				DD8AA6B02C34CB1300E33AF5 /* Frameworks */,
				DD8AA6B12C34CB1300E33AF5 /* Resources */,
			);
			buildRules = (
			);
			dependencies = (
			);
			name = TaskyApp;
			productName = TaskyApp;
			productReference = DD8AA6B32C34CB1300E33AF5 /* TaskyApp.app */;
			productType = "com.apple.product-type.application";
		};
/* End PBXNativeTarget section */

/* Begin PBXProject section */
		DD8AA6AB2C34CB1300E33AF5 /* Project object */ = {
			isa = PBXProject;
			attributes = {
				BuildIndependentTargetsInParallel = 1;
				LastSwiftUpdateCheck = 1540;
				LastUpgradeCheck = 1540;
				TargetAttributes = {
					DD8AA6B22C34CB1300E33AF5 = {
						CreatedOnToolsVersion = 15.4;
					};
				};
			};
			buildConfigurationList = DD8AA6AE2C34CB1300E33AF5 /* Build configuration list for PBXProject "TaskyApp" */;
			compatibilityVersion = "Xcode 14.0";
			developmentRegion = en;
			hasScannedForEncodings = 0;
			knownRegions = (
				en,
				Base,
			);
			mainGroup = DD8AA6AA2C34CB1300E33AF5;
			productRefGroup = DD8AA6B42C34CB1300E33AF5 /* Products */;
			projectDirPath = "";
			projectRoot = "";
			targets = (
				DD8AA6B22C34CB1300E33AF5 /* TaskyApp */,
			);
		};
/* End PBXProject section */

/* Begin PBXResourcesBuildPhase section */
		DD8AA6B12C34CB1300E33AF5 /* Resources */ = {
			isa = PBXResourcesBuildPhase;
			buildActionMask = 2147483647;
			files = (
				DD8AA6C02C34CB1500E33AF5 /* Assets.xcassets in Resources */,
				DD8AA6C32C34CB1500E33AF5 /* Base in Resources */,
			);
			runOnlyForDeploymentPostprocessing = 0;
		};
/* End PBXResourcesBuildPhase section */

/* Begin PBXSourcesBuildPhase section */
		DD8AA6AF2C34CB1300E33AF5 /* Sources */ = {
			isa = PBXSourcesBuildPhase;
			buildActionMask = 2147483647;
			files = (
				DD8AA6BB2C34CB1300E33AF5 /* HomeViewController.swift in Sources */,
				DD8AA6B72C34CB1300E33AF5 /* AppDelegate.swift in Sources */,
				DD8AA6CF2C34D34A00E33AF5 /* UIViewController+.swift in Sources */,
				DD8AA6B92C34CB1300E33AF5 /* SceneDelegate.swift in Sources */,
				DD8AA6CC2C34CE6200E33AF5 /* Constants.swift in Sources */,
				DD8AA6D72C358A3400E33AF5 /* Task.swift in Sources */,
				DD8AA6D42C3580AE00E33AF5 /* TasksViewController.swift in Sources */,
				DD8AA7072C37410500E33AF5 /* AddTaskViewController.swift in Sources */,
				DDC0C12C2C3C298000A947DD /* TaskyRepository.swift in Sources */,
				DD8AA6DA2C35B13000E33AF5 /* TasksTableViewHeader.swift in Sources */,
				DDC0C12F2C3C433700A947DD /* UserDefaultsStorage.swift in Sources */,
			);
			runOnlyForDeploymentPostprocessing = 0;
		};
/* End PBXSourcesBuildPhase section */

/* Begin PBXVariantGroup section */
		DD8AA6C12C34CB1500E33AF5 /* LaunchScreen.storyboard */ = {
			isa = PBXVariantGroup;
			children = (
				DD8AA6C22C34CB1500E33AF5 /* Base */,
			);
			name = LaunchScreen.storyboard;
			sourceTree = "<group>";
		};
/* End PBXVariantGroup section */

/* Begin XCBuildConfiguration section */
		DD8AA6C52C34CB1500E33AF5 /* Debug */ = {
			isa = XCBuildConfiguration;
			buildSettings = {
				ALWAYS_SEARCH_USER_PATHS = NO;
				ASSETCATALOG_COMPILER_GENERATE_SWIFT_ASSET_SYMBOL_EXTENSIONS = YES;
				CLANG_ANALYZER_NONNULL = YES;
				CLANG_ANALYZER_NUMBER_OBJECT_CONVERSION = YES_AGGRESSIVE;
				CLANG_CXX_LANGUAGE_STANDARD = "gnu++20";
				CLANG_ENABLE_MODULES = YES;
				CLANG_ENABLE_OBJC_ARC = YES;
				CLANG_ENABLE_OBJC_WEAK = YES;
				CLANG_WARN_BLOCK_CAPTURE_AUTORELEASING = YES;
				CLANG_WARN_BOOL_CONVERSION = YES;
				CLANG_WARN_COMMA = YES;
				CLANG_WARN_CONSTANT_CONVERSION = YES;
				CLANG_WARN_DEPRECATED_OBJC_IMPLEMENTATIONS = YES;
				CLANG_WARN_DIRECT_OBJC_ISA_USAGE = YES_ERROR;
				CLANG_WARN_DOCUMENTATION_COMMENTS = YES;
				CLANG_WARN_EMPTY_BODY = YES;
				CLANG_WARN_ENUM_CONVERSION = YES;
				CLANG_WARN_INFINITE_RECURSION = YES;
				CLANG_WARN_INT_CONVERSION = YES;
				CLANG_WARN_NON_LITERAL_NULL_CONVERSION = YES;
				CLANG_WARN_OBJC_IMPLICIT_RETAIN_SELF = YES;
				CLANG_WARN_OBJC_LITERAL_CONVERSION = YES;
				CLANG_WARN_OBJC_ROOT_CLASS = YES_ERROR;
				CLANG_WARN_QUOTED_INCLUDE_IN_FRAMEWORK_HEADER = YES;
				CLANG_WARN_RANGE_LOOP_ANALYSIS = YES;
				CLANG_WARN_STRICT_PROTOTYPES = YES;
				CLANG_WARN_SUSPICIOUS_MOVE = YES;
				CLANG_WARN_UNGUARDED_AVAILABILITY = YES_AGGRESSIVE;
				CLANG_WARN_UNREACHABLE_CODE = YES;
				CLANG_WARN__DUPLICATE_METHOD_MATCH = YES;
				COPY_PHASE_STRIP = NO;
				DEBUG_INFORMATION_FORMAT = dwarf;
				ENABLE_STRICT_OBJC_MSGSEND = YES;
				ENABLE_TESTABILITY = YES;
				ENABLE_USER_SCRIPT_SANDBOXING = YES;
				GCC_C_LANGUAGE_STANDARD = gnu17;
				GCC_DYNAMIC_NO_PIC = NO;
				GCC_NO_COMMON_BLOCKS = YES;
				GCC_OPTIMIZATION_LEVEL = 0;
				GCC_PREPROCESSOR_DEFINITIONS = (
					"DEBUG=1",
					"$(inherited)",
				);
				GCC_WARN_64_TO_32_BIT_CONVERSION = YES;
				GCC_WARN_ABOUT_RETURN_TYPE = YES_ERROR;
				GCC_WARN_UNDECLARED_SELECTOR = YES;
				GCC_WARN_UNINITIALIZED_AUTOS = YES_AGGRESSIVE;
				GCC_WARN_UNUSED_FUNCTION = YES;
				GCC_WARN_UNUSED_VARIABLE = YES;
				IPHONEOS_DEPLOYMENT_TARGET = 17.5;
				LOCALIZATION_PREFERS_STRING_CATALOGS = YES;
				MTL_ENABLE_DEBUG_INFO = INCLUDE_SOURCE;
				MTL_FAST_MATH = YES;
				ONLY_ACTIVE_ARCH = YES;
				SDKROOT = iphoneos;
				SWIFT_ACTIVE_COMPILATION_CONDITIONS = "DEBUG $(inherited)";
				SWIFT_OPTIMIZATION_LEVEL = "-Onone";
			};
			name = Debug;
		};
		DD8AA6C62C34CB1500E33AF5 /* Release */ = {
			isa = XCBuildConfiguration;
			buildSettings = {
				ALWAYS_SEARCH_USER_PATHS = NO;
				ASSETCATALOG_COMPILER_GENERATE_SWIFT_ASSET_SYMBOL_EXTENSIONS = YES;
				CLANG_ANALYZER_NONNULL = YES;
				CLANG_ANALYZER_NUMBER_OBJECT_CONVERSION = YES_AGGRESSIVE;
				CLANG_CXX_LANGUAGE_STANDARD = "gnu++20";
				CLANG_ENABLE_MODULES = YES;
				CLANG_ENABLE_OBJC_ARC = YES;
				CLANG_ENABLE_OBJC_WEAK = YES;
				CLANG_WARN_BLOCK_CAPTURE_AUTORELEASING = YES;
				CLANG_WARN_BOOL_CONVERSION = YES;
				CLANG_WARN_COMMA = YES;
				CLANG_WARN_CONSTANT_CONVERSION = YES;
				CLANG_WARN_DEPRECATED_OBJC_IMPLEMENTATIONS = YES;
				CLANG_WARN_DIRECT_OBJC_ISA_USAGE = YES_ERROR;
				CLANG_WARN_DOCUMENTATION_COMMENTS = YES;
				CLANG_WARN_EMPTY_BODY = YES;
				CLANG_WARN_ENUM_CONVERSION = YES;
				CLANG_WARN_INFINITE_RECURSION = YES;
				CLANG_WARN_INT_CONVERSION = YES;
				CLANG_WARN_NON_LITERAL_NULL_CONVERSION = YES;
				CLANG_WARN_OBJC_IMPLICIT_RETAIN_SELF = YES;
				CLANG_WARN_OBJC_LITERAL_CONVERSION = YES;
				CLANG_WARN_OBJC_ROOT_CLASS = YES_ERROR;
				CLANG_WARN_QUOTED_INCLUDE_IN_FRAMEWORK_HEADER = YES;
				CLANG_WARN_RANGE_LOOP_ANALYSIS = YES;
				CLANG_WARN_STRICT_PROTOTYPES = YES;
				CLANG_WARN_SUSPICIOUS_MOVE = YES;
				CLANG_WARN_UNGUARDED_AVAILABILITY = YES_AGGRESSIVE;
				CLANG_WARN_UNREACHABLE_CODE = YES;
				CLANG_WARN__DUPLICATE_METHOD_MATCH = YES;
				COPY_PHASE_STRIP = NO;
				DEBUG_INFORMATION_FORMAT = "dwarf-with-dsym";
				ENABLE_NS_ASSERTIONS = NO;
				ENABLE_STRICT_OBJC_MSGSEND = YES;
				ENABLE_USER_SCRIPT_SANDBOXING = YES;
				GCC_C_LANGUAGE_STANDARD = gnu17;
				GCC_NO_COMMON_BLOCKS = YES;
				GCC_WARN_64_TO_32_BIT_CONVERSION = YES;
				GCC_WARN_ABOUT_RETURN_TYPE = YES_ERROR;
				GCC_WARN_UNDECLARED_SELECTOR = YES;
				GCC_WARN_UNINITIALIZED_AUTOS = YES_AGGRESSIVE;
				GCC_WARN_UNUSED_FUNCTION = YES;
				GCC_WARN_UNUSED_VARIABLE = YES;
				IPHONEOS_DEPLOYMENT_TARGET = 17.5;
				LOCALIZATION_PREFERS_STRING_CATALOGS = YES;
				MTL_ENABLE_DEBUG_INFO = NO;
				MTL_FAST_MATH = YES;
				SDKROOT = iphoneos;
				SWIFT_COMPILATION_MODE = wholemodule;
				VALIDATE_PRODUCT = YES;
			};
			name = Release;
		};
		DD8AA6C82C34CB1500E33AF5 /* Debug */ = {
			isa = XCBuildConfiguration;
			buildSettings = {
				ASSETCATALOG_COMPILER_APPICON_NAME = AppIcon;
				ASSETCATALOG_COMPILER_GLOBAL_ACCENT_COLOR_NAME = AccentColor;
				CODE_SIGN_STYLE = Automatic;
				CURRENT_PROJECT_VERSION = 1;
				DEVELOPMENT_TEAM = VZPGBX49QZ;
				GENERATE_INFOPLIST_FILE = YES;
				INFOPLIST_FILE = TaskyApp/Info.plist;
				INFOPLIST_KEY_UIApplicationSupportsIndirectInputEvents = YES;
				INFOPLIST_KEY_UILaunchStoryboardName = LaunchScreen;
				INFOPLIST_KEY_UISupportedInterfaceOrientations_iPad = "UIInterfaceOrientationPortrait UIInterfaceOrientationPortraitUpsideDown UIInterfaceOrientationLandscapeLeft UIInterfaceOrientationLandscapeRight";
				INFOPLIST_KEY_UISupportedInterfaceOrientations_iPhone = "UIInterfaceOrientationPortrait UIInterfaceOrientationLandscapeLeft UIInterfaceOrientationLandscapeRight";
				LD_RUNPATH_SEARCH_PATHS = (
					"$(inherited)",
					"@executable_path/Frameworks",
				);
				MARKETING_VERSION = 1.0;
				PRODUCT_BUNDLE_IDENTIFIER = edintwi.TaskyApp;
				PRODUCT_NAME = "$(TARGET_NAME)";
				SWIFT_EMIT_LOC_STRINGS = YES;
				SWIFT_VERSION = 5.0;
				TARGETED_DEVICE_FAMILY = "1,2";
			};
			name = Debug;
		};
		DD8AA6C92C34CB1500E33AF5 /* Release */ = {
			isa = XCBuildConfiguration;
			buildSettings = {
				ASSETCATALOG_COMPILER_APPICON_NAME = AppIcon;
				ASSETCATALOG_COMPILER_GLOBAL_ACCENT_COLOR_NAME = AccentColor;
				CODE_SIGN_STYLE = Automatic;
				CURRENT_PROJECT_VERSION = 1;
				DEVELOPMENT_TEAM = VZPGBX49QZ;
				GENERATE_INFOPLIST_FILE = YES;
				INFOPLIST_FILE = TaskyApp/Info.plist;
				INFOPLIST_KEY_UIApplicationSupportsIndirectInputEvents = YES;
				INFOPLIST_KEY_UILaunchStoryboardName = LaunchScreen;
				INFOPLIST_KEY_UISupportedInterfaceOrientations_iPad = "UIInterfaceOrientationPortrait UIInterfaceOrientationPortraitUpsideDown UIInterfaceOrientationLandscapeLeft UIInterfaceOrientationLandscapeRight";
				INFOPLIST_KEY_UISupportedInterfaceOrientations_iPhone = "UIInterfaceOrientationPortrait UIInterfaceOrientationLandscapeLeft UIInterfaceOrientationLandscapeRight";
				LD_RUNPATH_SEARCH_PATHS = (
					"$(inherited)",
					"@executable_path/Frameworks",
				);
				MARKETING_VERSION = 1.0;
				PRODUCT_BUNDLE_IDENTIFIER = edintwi.TaskyApp;
				PRODUCT_NAME = "$(TARGET_NAME)";
				SWIFT_EMIT_LOC_STRINGS = YES;
				SWIFT_VERSION = 5.0;
				TARGETED_DEVICE_FAMILY = "1,2";
			};
			name = Release;
		};
/* End XCBuildConfiguration section */

/* Begin XCConfigurationList section */
		DD8AA6AE2C34CB1300E33AF5 /* Build configuration list for PBXProject "TaskyApp" */ = {
			isa = XCConfigurationList;
			buildConfigurations = (
				DD8AA6C52C34CB1500E33AF5 /* Debug */,
				DD8AA6C62C34CB1500E33AF5 /* Release */,
			);
			defaultConfigurationIsVisible = 0;
			defaultConfigurationName = Release;
		};
		DD8AA6C72C34CB1500E33AF5 /* Build configuration list for PBXNativeTarget "TaskyApp" */ = {
			isa = XCConfigurationList;
			buildConfigurations = (
				DD8AA6C82C34CB1500E33AF5 /* Debug */,
				DD8AA6C92C34CB1500E33AF5 /* Release */,
			);
			defaultConfigurationIsVisible = 0;
			defaultConfigurationName = Release;
		};
/* End XCConfigurationList section */
	};
	rootObject = DD8AA6AB2C34CB1300E33AF5 /* Project object */;
}
